
Microsoft Visual Studio Solution File, Format Version 12.00
# Visual Studio 15
VisualStudioVersion = 15.0.28307.1209
MinimumVisualStudioVersion = 10.0.40219.1
Project("{FAE04EC0-301F-11D3-BF4B-00C04F79EFBC}") = "CarShopGUI", "CarShopGUI\CarShopGUI.csproj", "{D754E260-0E61-43EF-9FE9-F37D2263FEBE}"
EndProject
Project("{9A19103F-16F7-4668-BE54-9A1E7A4F7556}") = "CarClassLibrary", "..\CarClassLibrary\CarClassLibrary\CarClassLibrary.csproj", "{E08DDC81-6205-4FAB-85E9-5D71DB35AC95}"
EndProject
Global
	GlobalSection(SolutionConfigurationPlatforms) = preSolution
		Debug|Any CPU = Debug|Any CPU
		Release|Any CPU = Release|Any CPU
	EndGlobalSection
	GlobalSection(ProjectConfigurationPlatforms) = postSolution
		{D754E260-0E61-43EF-9FE9-F37D2263FEBE}.Debug|Any CPU.ActiveCfg = Debug|Any CPU
		{D754E260-0E61-43EF-9FE9-F37D2263FEBE}.Debug|Any CPU.Build.0 = Debug|Any CPU
		{D754E260-0E61-43EF-9FE9-F37D2263FEBE}.Release|Any CPU.ActiveCfg = Release|Any CPU
		{D754E260-0E61-43EF-9FE9-F37D2263FEBE}.Release|Any CPU.Build.0 = Release|Any CPU
		{E08DDC81-6205-4FAB-85E9-5D71DB35AC95}.Debug|Any CPU.ActiveCfg = Debug|Any CPU
		{E08DDC81-6205-4FAB-85E9-5D71DB35AC95}.Debug|Any CPU.Build.0 = Debug|Any CPU
		{E08DDC81-6205-4FAB-85E9-5D71DB35AC95}.Release|Any CPU.ActiveCfg = Release|Any CPU
		{E08DDC81-6205-4FAB-85E9-5D71DB35AC95}.Release|Any CPU.Build.0 = Release|Any CPU
	EndGlobalSection
	GlobalSection(SolutionProperties) = preSolution
		HideSolutionNode = FALSE
	EndGlobalSection
	GlobalSection(ExtensibilityGlobals) = postSolution
		SolutionGuid = {352F7041-D363-4C52-BB7A-EEC2B7F60BD1}
	EndGlobalSection
EndGlobal
