
Microsoft Visual Studio Solution File, Format Version 12.00
# Visual Studio 15
VisualStudioVersion = 15.0.28307.1209
MinimumVisualStudioVersion = 10.0.40219.1
Project("{FAE04EC0-301F-11D3-BF4B-00C04F79EFBC}") = "StopWatchApp", "StopWatchApp\StopWatchApp.csproj", "{C1F8CD7F-348E-421F-8860-33D853911744}"
EndProject
Global
	GlobalSection(SolutionConfigurationPlatforms) = preSolution
		Debug|Any CPU = Debug|Any CPU
		Release|Any CPU = Release|Any CPU
	EndGlobalSection
	GlobalSection(ProjectConfigurationPlatforms) = postSolution
		{C1F8CD7F-348E-421F-8860-33D853911744}.Debug|Any CPU.ActiveCfg = Debug|Any CPU
		{C1F8CD7F-348E-421F-8860-33D853911744}.Debug|Any CPU.Build.0 = Debug|Any CPU
		{C1F8CD7F-348E-421F-8860-33D853911744}.Release|Any CPU.ActiveCfg = Release|Any CPU
		{C1F8CD7F-348E-421F-8860-33D853911744}.Release|Any CPU.Build.0 = Release|Any CPU
	EndGlobalSection
	GlobalSection(SolutionProperties) = preSolution
		HideSolutionNode = FALSE
	EndGlobalSection
	GlobalSection(ExtensibilityGlobals) = postSolution
		SolutionGuid = {BB7772A4-5819-452B-95F4-AFD69E11675A}
	EndGlobalSection
EndGlobal
