
Microsoft Visual Studio Solution File, Format Version 12.00
# Visual Studio 15
VisualStudioVersion = 15.0.28307.1209
MinimumVisualStudioVersion = 10.0.40219.1
Project("{FAE04EC0-301F-11D3-BF4B-00C04F79EFBC}") = "Factorial", "Factorial\Factorial.csproj", "{BC26E62F-136B-4FF7-9835-43A028BE6D7E}"
EndProject
Global
	GlobalSection(SolutionConfigurationPlatforms) = preSolution
		Debug|Any CPU = Debug|Any CPU
		Release|Any CPU = Release|Any CPU
	EndGlobalSection
	GlobalSection(ProjectConfigurationPlatforms) = postSolution
		{BC26E62F-136B-4FF7-9835-43A028BE6D7E}.Debug|Any CPU.ActiveCfg = Debug|Any CPU
		{BC26E62F-136B-4FF7-9835-43A028BE6D7E}.Debug|Any CPU.Build.0 = Debug|Any CPU
		{BC26E62F-136B-4FF7-9835-43A028BE6D7E}.Release|Any CPU.ActiveCfg = Release|Any CPU
		{BC26E62F-136B-4FF7-9835-43A028BE6D7E}.Release|Any CPU.Build.0 = Release|Any CPU
	EndGlobalSection
	GlobalSection(SolutionProperties) = preSolution
		HideSolutionNode = FALSE
	EndGlobalSection
	GlobalSection(ExtensibilityGlobals) = postSolution
		SolutionGuid = {55F0B0BB-C192-4839-A45E-A95B36DEAAA0}
	EndGlobalSection
EndGlobal
