
Microsoft Visual Studio Solution File, Format Version 12.00
# Visual Studio 15
VisualStudioVersion = 15.0.28307.1209
MinimumVisualStudioVersion = 10.0.40219.1
Project("{FAE04EC0-301F-11D3-BF4B-00C04F79EFBC}") = "CarClassLibrary", "CarClassLibrary\CarClassLibrary.csproj", "{B527B27E-3F44-4872-BCDC-E0F44BC9CCF3}"
EndProject
Project("{FAE04EC0-301F-11D3-BF4B-00C04F79EFBC}") = "CarShopConsoleApp", "CarShopConsoleApp\CarShopConsoleApp.csproj", "{3A584C2F-6F09-49F5-9270-857E9192A6A0}"
EndProject
Global
	GlobalSection(SolutionConfigurationPlatforms) = preSolution
		Debug|Any CPU = Debug|Any CPU
		Release|Any CPU = Release|Any CPU
	EndGlobalSection
	GlobalSection(ProjectConfigurationPlatforms) = postSolution
		{B527B27E-3F44-4872-BCDC-E0F44BC9CCF3}.Debug|Any CPU.ActiveCfg = Debug|Any CPU
		{B527B27E-3F44-4872-BCDC-E0F44BC9CCF3}.Debug|Any CPU.Build.0 = Debug|Any CPU
		{B527B27E-3F44-4872-BCDC-E0F44BC9CCF3}.Release|Any CPU.ActiveCfg = Release|Any CPU
		{B527B27E-3F44-4872-BCDC-E0F44BC9CCF3}.Release|Any CPU.Build.0 = Release|Any CPU
		{3A584C2F-6F09-49F5-9270-857E9192A6A0}.Debug|Any CPU.ActiveCfg = Debug|Any CPU
		{3A584C2F-6F09-49F5-9270-857E9192A6A0}.Debug|Any CPU.Build.0 = Debug|Any CPU
		{3A584C2F-6F09-49F5-9270-857E9192A6A0}.Release|Any CPU.ActiveCfg = Release|Any CPU
		{3A584C2F-6F09-49F5-9270-857E9192A6A0}.Release|Any CPU.Build.0 = Release|Any CPU
	EndGlobalSection
	GlobalSection(SolutionProperties) = preSolution
		HideSolutionNode = FALSE
	EndGlobalSection
	GlobalSection(ExtensibilityGlobals) = postSolution
		SolutionGuid = {EC6F4A9F-7501-49D7-B337-E88BABAD1762}
	EndGlobalSection
EndGlobal
