
Microsoft Visual Studio Solution File, Format Version 12.00
# Visual Studio 15
VisualStudioVersion = 15.0.28307.1209
MinimumVisualStudioVersion = 10.0.40219.1
Project("{FAE04EC0-301F-11D3-BF4B-00C04F79EFBC}") = "ChessBoardGUIApp", "ChessBoardGUIApp\ChessBoardGUIApp.csproj", "{C9EF60D2-0267-4E61-B441-296EEBD44AEC}"
EndProject
Project("{9A19103F-16F7-4668-BE54-9A1E7A4F7556}") = "ChessBoardModel", "ChessBoardModel\ChessBoardModel.csproj", "{B9AB4953-F4C3-4E4A-884D-5342B8966E2C}"
EndProject
Global
	GlobalSection(SolutionConfigurationPlatforms) = preSolution
		Debug|Any CPU = Debug|Any CPU
		Release|Any CPU = Release|Any CPU
	EndGlobalSection
	GlobalSection(ProjectConfigurationPlatforms) = postSolution
		{C9EF60D2-0267-4E61-B441-296EEBD44AEC}.Debug|Any CPU.ActiveCfg = Debug|Any CPU
		{C9EF60D2-0267-4E61-B441-296EEBD44AEC}.Debug|Any CPU.Build.0 = Debug|Any CPU
		{C9EF60D2-0267-4E61-B441-296EEBD44AEC}.Release|Any CPU.ActiveCfg = Release|Any CPU
		{C9EF60D2-0267-4E61-B441-296EEBD44AEC}.Release|Any CPU.Build.0 = Release|Any CPU
		{B9AB4953-F4C3-4E4A-884D-5342B8966E2C}.Debug|Any CPU.ActiveCfg = Debug|Any CPU
		{B9AB4953-F4C3-4E4A-884D-5342B8966E2C}.Debug|Any CPU.Build.0 = Debug|Any CPU
		{B9AB4953-F4C3-4E4A-884D-5342B8966E2C}.Release|Any CPU.ActiveCfg = Release|Any CPU
		{B9AB4953-F4C3-4E4A-884D-5342B8966E2C}.Release|Any CPU.Build.0 = Release|Any CPU
	EndGlobalSection
	GlobalSection(SolutionProperties) = preSolution
		HideSolutionNode = FALSE
	EndGlobalSection
	GlobalSection(ExtensibilityGlobals) = postSolution
		SolutionGuid = {D69DC47B-0E1E-4A98-B568-B791B51165D6}
	EndGlobalSection
EndGlobal
